
Microsoft Visual Studio Solution File, Format Version 12.00
# Visual Studio Version 16
VisualStudioVersion = 16.0.31605.320
MinimumVisualStudioVersion = 10.0.40219.1
Project("{F184B08F-C81C-45F6-A57F-5ABD9991F28F}") = "FURNITURE ORDER", "FURNITURE ORDER\FURNITURE ORDER.vbproj", "{56BC0FEB-F528-4189-9E5B-F2A5EE8459EE}"
EndProject
Global
	GlobalSection(SolutionConfigurationPlatforms) = preSolution
		Debug|Any CPU = Debug|Any CPU
		Release|Any CPU = Release|Any CPU
	EndGlobalSection
	GlobalSection(ProjectConfigurationPlatforms) = postSolution
		{56BC0FEB-F528-4189-9E5B-F2A5EE8459EE}.Debug|Any CPU.ActiveCfg = Debug|Any CPU
		{56BC0FEB-F528-4189-9E5B-F2A5EE8459EE}.Debug|Any CPU.Build.0 = Debug|Any CPU
		{56BC0FEB-F528-4189-9E5B-F2A5EE8459EE}.Release|Any CPU.ActiveCfg = Release|Any CPU
		{56BC0FEB-F528-4189-9E5B-F2A5EE8459EE}.Release|Any CPU.Build.0 = Release|Any CPU
	EndGlobalSection
	GlobalSection(SolutionProperties) = preSolution
		HideSolutionNode = FALSE
	EndGlobalSection
	GlobalSection(ExtensibilityGlobals) = postSolution
		SolutionGuid = {9D2299EA-D34B-49CC-8739-F8B28B8D0246}
	EndGlobalSection
EndGlobal
